
Microsoft Visual Studio Solution File, Format Version 12.00
# Visual Studio Version 16
VisualStudioVersion = 16.0.30002.166
MinimumVisualStudioVersion = 10.0.40219.1
Project("{FAE04EC0-301F-11D3-BF4B-00C04F79EFBC}") = "Eenergy absorb and optimize", "Eenergy absorb and optimize.csproj", "{ADDA3D23-A58A-4291-8636-D05A743A08A2}"
EndProject
Project("{54435603-DBB4-11D2-8724-00A0C9A8B90C}") = "Setup", "Setup\Setup.vdproj", "{AF1931D2-5C07-453F-BA8C-B9E05769727A}"
EndProject
Global
	GlobalSection(SolutionConfigurationPlatforms) = preSolution
		Debug|Any CPU = Debug|Any CPU
		Debug|x64 = Debug|x64
		Release|Any CPU = Release|Any CPU
		Release|x64 = Release|x64
	EndGlobalSection
	GlobalSection(ProjectConfigurationPlatforms) = postSolution
		{ADDA3D23-A58A-4291-8636-D05A743A08A2}.Debug|Any CPU.ActiveCfg = Debug|Any CPU
		{ADDA3D23-A58A-4291-8636-D05A743A08A2}.Debug|Any CPU.Build.0 = Debug|Any CPU
		{ADDA3D23-A58A-4291-8636-D05A743A08A2}.Debug|x64.ActiveCfg = Debug|x64
		{ADDA3D23-A58A-4291-8636-D05A743A08A2}.Debug|x64.Build.0 = Debug|x64
		{ADDA3D23-A58A-4291-8636-D05A743A08A2}.Release|Any CPU.ActiveCfg = Release|Any CPU
		{ADDA3D23-A58A-4291-8636-D05A743A08A2}.Release|Any CPU.Build.0 = Release|Any CPU
		{ADDA3D23-A58A-4291-8636-D05A743A08A2}.Release|x64.ActiveCfg = Release|x64
		{ADDA3D23-A58A-4291-8636-D05A743A08A2}.Release|x64.Build.0 = Release|x64
		{AF1931D2-5C07-453F-BA8C-B9E05769727A}.Debug|Any CPU.ActiveCfg = Debug
		{AF1931D2-5C07-453F-BA8C-B9E05769727A}.Debug|x64.ActiveCfg = Debug
		{AF1931D2-5C07-453F-BA8C-B9E05769727A}.Release|Any CPU.ActiveCfg = Release
		{AF1931D2-5C07-453F-BA8C-B9E05769727A}.Release|x64.ActiveCfg = Release
	EndGlobalSection
	GlobalSection(SolutionProperties) = preSolution
		HideSolutionNode = FALSE
	EndGlobalSection
	GlobalSection(ExtensibilityGlobals) = postSolution
		SolutionGuid = {DDF6B4EF-47CB-48C0-AAD2-7B297543FEAF}
	EndGlobalSection
EndGlobal
